// !$*UTF8*$!
{
	archiveVersion = 1;
	classes = {
	};
	objectVersion = 46;
	objects = {

/* Begin PBXBuildFile section */
		11EAA21B1C39D88900EE14F8 /* AppDelegate.swift in Sources */ = {isa = PBXBuildFile; fileRef = 11EAA21A1C39D88900EE14F8 /* AppDelegate.swift */; };
		11EAA21D1C39D88900EE14F8 /* ViewController.swift in Sources */ = {isa = PBXBuildFile; fileRef = 11EAA21C1C39D88900EE14F8 /* ViewController.swift */; };
		11EAA2201C39D88900EE14F8 /* Main.storyboard in Resources */ = {isa = PBXBuildFile; fileRef = 11EAA21E1C39D88900EE14F8 /* Main.storyboard */; };
		11EAA2221C39D88900EE14F8 /* Assets.xcassets in Resources */ = {isa = PBXBuildFile; fileRef = 11EAA2211C39D88900EE14F8 /* Assets.xcassets */; };
		11EAA2251C39D88900EE14F8 /* LaunchScreen.storyboard in Resources */ = {isa = PBXBuildFile; fileRef = 11EAA2231C39D88900EE14F8 /* LaunchScreen.storyboard */; };
		11EAA22D1C3CACF800EE14F8 /* Util.swift in Sources */ = {isa = PBXBuildFile; fileRef = 11EAA22C1C3CACF800EE14F8 /* Util.swift */; };
		11EAA22F1C3CBACA00EE14F8 /* SignInRiderViewController.swift in Sources */ = {isa = PBXBuildFile; fileRef = 11EAA22E1C3CBACA00EE14F8 /* SignInRiderViewController.swift */; };
		5E6E4548403C2C5C9AE6612F /* Pods_GoPool.framework in Frameworks */ = {isa = PBXBuildFile; fileRef = C859E8333941BD0E5D054766 /* Pods_GoPool.framework */; };
/* End PBXBuildFile section */

/* Begin PBXFileReference section */
		11EAA2171C39D88900EE14F8 /* GoPool.app */ = {isa = PBXFileReference; explicitFileType = wrapper.application; includeInIndex = 0; path = GoPool.app; sourceTree = BUILT_PRODUCTS_DIR; };
		11EAA21A1C39D88900EE14F8 /* AppDelegate.swift */ = {isa = PBXFileReference; lastKnownFileType = sourcecode.swift; path = AppDelegate.swift; sourceTree = "<group>"; };
		11EAA21C1C39D88900EE14F8 /* ViewController.swift */ = {isa = PBXFileReference; lastKnownFileType = sourcecode.swift; path = ViewController.swift; sourceTree = "<group>"; };
		11EAA21F1C39D88900EE14F8 /* Base */ = {isa = PBXFileReference; lastKnownFileType = file.storyboard; name = Base; path = Base.lproj/Main.storyboard; sourceTree = "<group>"; };
		11EAA2211C39D88900EE14F8 /* Assets.xcassets */ = {isa = PBXFileReference; lastKnownFileType = folder.assetcatalog; path = Assets.xcassets; sourceTree = "<group>"; };
		11EAA2241C39D88900EE14F8 /* Base */ = {isa = PBXFileReference; lastKnownFileType = file.storyboard; name = Base; path = Base.lproj/LaunchScreen.storyboard; sourceTree = "<group>"; };
		11EAA2261C39D88900EE14F8 /* Info.plist */ = {isa = PBXFileReference; lastKnownFileType = text.plist.xml; path = Info.plist; sourceTree = "<group>"; };
		11EAA22C1C3CACF800EE14F8 /* Util.swift */ = {isa = PBXFileReference; fileEncoding = 4; lastKnownFileType = sourcecode.swift; path = Util.swift; sourceTree = "<group>"; };
		11EAA22E1C3CBACA00EE14F8 /* SignInRiderViewController.swift */ = {isa = PBXFileReference; fileEncoding = 4; lastKnownFileType = sourcecode.swift; path = SignInRiderViewController.swift; sourceTree = "<group>"; };
		58796F4A7213349DB4477EC7 /* Pods-GoPool.debug.xcconfig */ = {isa = PBXFileReference; includeInIndex = 1; lastKnownFileType = text.xcconfig; name = "Pods-GoPool.debug.xcconfig"; path = "Pods/Target Support Files/Pods-GoPool/Pods-GoPool.debug.xcconfig"; sourceTree = "<group>"; };
		C859E8333941BD0E5D054766 /* Pods_GoPool.framework */ = {isa = PBXFileReference; explicitFileType = wrapper.framework; includeInIndex = 0; path = Pods_GoPool.framework; sourceTree = BUILT_PRODUCTS_DIR; };
		FE4FC04C91B0861476C8B107 /* Pods-GoPool.release.xcconfig */ = {isa = PBXFileReference; includeInIndex = 1; lastKnownFileType = text.xcconfig; name = "Pods-GoPool.release.xcconfig"; path = "Pods/Target Support Files/Pods-GoPool/Pods-GoPool.release.xcconfig"; sourceTree = "<group>"; };
/* End PBXFileReference section */

/* Begin PBXFrameworksBuildPhase section */
		11EAA2141C39D88900EE14F8 /* Frameworks */ = {
			isa = PBXFrameworksBuildPhase;
			buildActionMask = 2147483647;
			files = (
				5E6E4548403C2C5C9AE6612F /* Pods_GoPool.framework in Frameworks */,
			);
			runOnlyForDeploymentPostprocessing = 0;
		};
/* End PBXFrameworksBuildPhase section */

/* Begin PBXGroup section */
		11EAA20E1C39D88900EE14F8 = {
			isa = PBXGroup;
			children = (
				11EAA2191C39D88900EE14F8 /* GoPool */,
				11EAA2181C39D88900EE14F8 /* Products */,
				6023611E073FE4FFCE6CF376 /* Pods */,
				905A370A198CEDC4E5F4F193 /* Frameworks */,
			);
			sourceTree = "<group>";
		};
		11EAA2181C39D88900EE14F8 /* Products */ = {
			isa = PBXGroup;
			children = (
				11EAA2171C39D88900EE14F8 /* GoPool.app */,
			);
			name = Products;
			sourceTree = "<group>";
		};
		11EAA2191C39D88900EE14F8 /* GoPool */ = {
			isa = PBXGroup;
			children = (
				11EAA21A1C39D88900EE14F8 /* AppDelegate.swift */,
				11EAA22E1C3CBACA00EE14F8 /* SignInRiderViewController.swift */,
				11EAA22C1C3CACF800EE14F8 /* Util.swift */,
				11EAA21C1C39D88900EE14F8 /* ViewController.swift */,
				11EAA21E1C39D88900EE14F8 /* Main.storyboard */,
				11EAA2211C39D88900EE14F8 /* Assets.xcassets */,
				11EAA2231C39D88900EE14F8 /* LaunchScreen.storyboard */,
				11EAA2261C39D88900EE14F8 /* Info.plist */,
			);
			path = GoPool;
			sourceTree = "<group>";
		};
		6023611E073FE4FFCE6CF376 /* Pods */ = {
			isa = PBXGroup;
			children = (
				58796F4A7213349DB4477EC7 /* Pods-GoPool.debug.xcconfig */,
				FE4FC04C91B0861476C8B107 /* Pods-GoPool.release.xcconfig */,
			);
			name = Pods;
			sourceTree = "<group>";
		};
		905A370A198CEDC4E5F4F193 /* Frameworks */ = {
			isa = PBXGroup;
			children = (
				C859E8333941BD0E5D054766 /* Pods_GoPool.framework */,
			);
			name = Frameworks;
			sourceTree = "<group>";
		};
/* End PBXGroup section */

/* Begin PBXNativeTarget section */
		11EAA2161C39D88900EE14F8 /* GoPool */ = {
			isa = PBXNativeTarget;
			buildConfigurationList = 11EAA2291C39D88900EE14F8 /* Build configuration list for PBXNativeTarget "GoPool" */;
			buildPhases = (
				DD5AA6B4AE87F2B572809323 /* Check Pods Manifest.lock */,
				11EAA2131C39D88900EE14F8 /* Sources */,
				11EAA2141C39D88900EE14F8 /* Frameworks */,
				11EAA2151C39D88900EE14F8 /* Resources */,
				14D398278D3D6668A27055C5 /* Embed Pods Frameworks */,
				A0F9F7BFE4220F8AEB73653B /* Copy Pods Resources */,
			);
			buildRules = (
			);
			dependencies = (
			);
			name = GoPool;
			productName = GoPool;
			productReference = 11EAA2171C39D88900EE14F8 /* GoPool.app */;
			productType = "com.apple.product-type.application";
		};
/* End PBXNativeTarget section */

/* Begin PBXProject section */
		11EAA20F1C39D88900EE14F8 /* Project object */ = {
			isa = PBXProject;
			attributes = {
				LastSwiftUpdateCheck = 0720;
				LastUpgradeCheck = 0720;
				ORGANIZATIONNAME = "Nikhil Kulkarni";
				TargetAttributes = {
					11EAA2161C39D88900EE14F8 = {
						CreatedOnToolsVersion = 7.2;
					};
				};
			};
			buildConfigurationList = 11EAA2121C39D88900EE14F8 /* Build configuration list for PBXProject "GoPool" */;
			compatibilityVersion = "Xcode 3.2";
			developmentRegion = English;
			hasScannedForEncodings = 0;
			knownRegions = (
				en,
				Base,
			);
			mainGroup = 11EAA20E1C39D88900EE14F8;
			productRefGroup = 11EAA2181C39D88900EE14F8 /* Products */;
			projectDirPath = "";
			projectRoot = "";
			targets = (
				11EAA2161C39D88900EE14F8 /* GoPool */,
			);
		};
/* End PBXProject section */

/* Begin PBXResourcesBuildPhase section */
		11EAA2151C39D88900EE14F8 /* Resources */ = {
			isa = PBXResourcesBuildPhase;
			buildActionMask = 2147483647;
			files = (
				11EAA2251C39D88900EE14F8 /* LaunchScreen.storyboard in Resources */,
				11EAA2221C39D88900EE14F8 /* Assets.xcassets in Resources */,
				11EAA2201C39D88900EE14F8 /* Main.storyboard in Resources */,
			);
			runOnlyForDeploymentPostprocessing = 0;
		};
/* End PBXResourcesBuildPhase section */

/* Begin PBXShellScriptBuildPhase section */
		14D398278D3D6668A27055C5 /* Embed Pods Frameworks */ = {
			isa = PBXShellScriptBuildPhase;
			buildActionMask = 2147483647;
			files = (
			);
			inputPaths = (
			);
			name = "Embed Pods Frameworks";
			outputPaths = (
			);
			runOnlyForDeploymentPostprocessing = 0;
			shellPath = /bin/sh;
			shellScript = "\"${SRCROOT}/Pods/Target Support Files/Pods-GoPool/Pods-GoPool-frameworks.sh\"\n";
			showEnvVarsInLog = 0;
		};
		A0F9F7BFE4220F8AEB73653B /* Copy Pods Resources */ = {
			isa = PBXShellScriptBuildPhase;
			buildActionMask = 2147483647;
			files = (
			);
			inputPaths = (
			);
			name = "Copy Pods Resources";
			outputPaths = (
			);
			runOnlyForDeploymentPostprocessing = 0;
			shellPath = /bin/sh;
			shellScript = "\"${SRCROOT}/Pods/Target Support Files/Pods-GoPool/Pods-GoPool-resources.sh\"\n";
			showEnvVarsInLog = 0;
		};
		DD5AA6B4AE87F2B572809323 /* Check Pods Manifest.lock */ = {
			isa = PBXShellScriptBuildPhase;
			buildActionMask = 2147483647;
			files = (
			);
			inputPaths = (
			);
			name = "Check Pods Manifest.lock";
			outputPaths = (
			);
			runOnlyForDeploymentPostprocessing = 0;
			shellPath = /bin/sh;
			shellScript = "diff \"${PODS_ROOT}/../Podfile.lock\" \"${PODS_ROOT}/Manifest.lock\" > /dev/null\nif [[ $? != 0 ]] ; then\n    cat << EOM\nerror: The sandbox is not in sync with the Podfile.lock. Run 'pod install' or update your CocoaPods installation.\nEOM\n    exit 1\nfi\n";
			showEnvVarsInLog = 0;
		};
/* End PBXShellScriptBuildPhase section */

/* Begin PBXSourcesBuildPhase section */
		11EAA2131C39D88900EE14F8 /* Sources */ = {
			isa = PBXSourcesBuildPhase;
			buildActionMask = 2147483647;
			files = (
				11EAA21D1C39D88900EE14F8 /* ViewController.swift in Sources */,
				11EAA22D1C3CACF800EE14F8 /* Util.swift in Sources */,
				11EAA21B1C39D88900EE14F8 /* AppDelegate.swift in Sources */,
				11EAA22F1C3CBACA00EE14F8 /* SignInRiderViewController.swift in Sources */,
			);
			runOnlyForDeploymentPostprocessing = 0;
		};
/* End PBXSourcesBuildPhase section */

/* Begin PBXVariantGroup section */
		11EAA21E1C39D88900EE14F8 /* Main.storyboard */ = {
			isa = PBXVariantGroup;
			children = (
				11EAA21F1C39D88900EE14F8 /* Base */,
			);
			name = Main.storyboard;
			sourceTree = "<group>";
		};
		11EAA2231C39D88900EE14F8 /* LaunchScreen.storyboard */ = {
			isa = PBXVariantGroup;
			children = (
				11EAA2241C39D88900EE14F8 /* Base */,
			);
			name = LaunchScreen.storyboard;
			sourceTree = "<group>";
		};
/* End PBXVariantGroup section */

/* Begin XCBuildConfiguration section */
		11EAA2271C39D88900EE14F8 /* Debug */ = {
			isa = XCBuildConfiguration;
			buildSettings = {
				ALWAYS_SEARCH_USER_PATHS = NO;
				CLANG_CXX_LANGUAGE_STANDARD = "gnu++0x";
				CLANG_CXX_LIBRARY = "libc++";
				CLANG_ENABLE_MODULES = YES;
				CLANG_ENABLE_OBJC_ARC = YES;
				CLANG_WARN_BOOL_CONVERSION = YES;
				CLANG_WARN_CONSTANT_CONVERSION = YES;
				CLANG_WARN_DIRECT_OBJC_ISA_USAGE = YES_ERROR;
				CLANG_WARN_EMPTY_BODY = YES;
				CLANG_WARN_ENUM_CONVERSION = YES;
				CLANG_WARN_INT_CONVERSION = YES;
				CLANG_WARN_OBJC_ROOT_CLASS = YES_ERROR;
				CLANG_WARN_UNREACHABLE_CODE = YES;
				CLANG_WARN__DUPLICATE_METHOD_MATCH = YES;
				"CODE_SIGN_IDENTITY[sdk=iphoneos*]" = "iPhone Developer";
				COPY_PHASE_STRIP = NO;
				DEBUG_INFORMATION_FORMAT = dwarf;
				ENABLE_STRICT_OBJC_MSGSEND = YES;
				ENABLE_TESTABILITY = YES;
				GCC_C_LANGUAGE_STANDARD = gnu99;
				GCC_DYNAMIC_NO_PIC = NO;
				GCC_NO_COMMON_BLOCKS = YES;
				GCC_OPTIMIZATION_LEVEL = 0;
				GCC_PREPROCESSOR_DEFINITIONS = (
					"DEBUG=1",
					"$(inherited)",
				);
				GCC_WARN_64_TO_32_BIT_CONVERSION = YES;
				GCC_WARN_ABOUT_RETURN_TYPE = YES_ERROR;
				GCC_WARN_UNDECLARED_SELECTOR = YES;
				GCC_WARN_UNINITIALIZED_AUTOS = YES_AGGRESSIVE;
				GCC_WARN_UNUSED_FUNCTION = YES;
				GCC_WARN_UNUSED_VARIABLE = YES;
				IPHONEOS_DEPLOYMENT_TARGET = 9.2;
				MTL_ENABLE_DEBUG_INFO = YES;
				ONLY_ACTIVE_ARCH = YES;
				SDKROOT = iphoneos;
				SWIFT_OPTIMIZATION_LEVEL = "-Onone";
			};
			name = Debug;
		};
		11EAA2281C39D88900EE14F8 /* Release */ = {
			isa = XCBuildConfiguration;
			buildSettings = {
				ALWAYS_SEARCH_USER_PATHS = NO;
				CLANG_CXX_LANGUAGE_STANDARD = "gnu++0x";
				CLANG_CXX_LIBRARY = "libc++";
				CLANG_ENABLE_MODULES = YES;
				CLANG_ENABLE_OBJC_ARC = YES;
				CLANG_WARN_BOOL_CONVERSION = YES;
				CLANG_WARN_CONSTANT_CONVERSION = YES;
				CLANG_WARN_DIRECT_OBJC_ISA_USAGE = YES_ERROR;
				CLANG_WARN_EMPTY_BODY = YES;
				CLANG_WARN_ENUM_CONVERSION = YES;
				CLANG_WARN_INT_CONVERSION = YES;
				CLANG_WARN_OBJC_ROOT_CLASS = YES_ERROR;
				CLANG_WARN_UNREACHABLE_CODE = YES;
				CLANG_WARN__DUPLICATE_METHOD_MATCH = YES;
				"CODE_SIGN_IDENTITY[sdk=iphoneos*]" = "iPhone Developer";
				COPY_PHASE_STRIP = NO;
				DEBUG_INFORMATION_FORMAT = "dwarf-with-dsym";
				ENABLE_NS_ASSERTIONS = NO;
				ENABLE_STRICT_OBJC_MSGSEND = YES;
				GCC_C_LANGUAGE_STANDARD = gnu99;
				GCC_NO_COMMON_BLOCKS = YES;
				GCC_WARN_64_TO_32_BIT_CONVERSION = YES;
				GCC_WARN_ABOUT_RETURN_TYPE = YES_ERROR;
				GCC_WARN_UNDECLARED_SELECTOR = YES;
				GCC_WARN_UNINITIALIZED_AUTOS = YES_AGGRESSIVE;
				GCC_WARN_UNUSED_FUNCTION = YES;
				GCC_WARN_UNUSED_VARIABLE = YES;
				IPHONEOS_DEPLOYMENT_TARGET = 9.2;
				MTL_ENABLE_DEBUG_INFO = NO;
				SDKROOT = iphoneos;
				VALIDATE_PRODUCT = YES;
			};
			name = Release;
		};
		11EAA22A1C39D88900EE14F8 /* Debug */ = {
			isa = XCBuildConfiguration;
			baseConfigurationReference = 58796F4A7213349DB4477EC7 /* Pods-GoPool.debug.xcconfig */;
			buildSettings = {
				ASSETCATALOG_COMPILER_APPICON_NAME = AppIcon;
				INFOPLIST_FILE = GoPool/Info.plist;
				LD_RUNPATH_SEARCH_PATHS = "$(inherited) @executable_path/Frameworks";
				PRODUCT_BUNDLE_IDENTIFIER = com.nikhilkulkarni.GoPool;
				PRODUCT_NAME = "$(TARGET_NAME)";
			};
			name = Debug;
		};
		11EAA22B1C39D88900EE14F8 /* Release */ = {
			isa = XCBuildConfiguration;
			baseConfigurationReference = FE4FC04C91B0861476C8B107 /* Pods-GoPool.release.xcconfig */;
			buildSettings = {
				ASSETCATALOG_COMPILER_APPICON_NAME = AppIcon;
				INFOPLIST_FILE = GoPool/Info.plist;
				LD_RUNPATH_SEARCH_PATHS = "$(inherited) @executable_path/Frameworks";
				PRODUCT_BUNDLE_IDENTIFIER = com.nikhilkulkarni.GoPool;
				PRODUCT_NAME = "$(TARGET_NAME)";
			};
			name = Release;
		};
/* End XCBuildConfiguration section */

/* Begin XCConfigurationList section */
		11EAA2121C39D88900EE14F8 /* Build configuration list for PBXProject "GoPool" */ = {
			isa = XCConfigurationList;
			buildConfigurations = (
				11EAA2271C39D88900EE14F8 /* Debug */,
				11EAA2281C39D88900EE14F8 /* Release */,
			);
			defaultConfigurationIsVisible = 0;
			defaultConfigurationName = Release;
		};
		11EAA2291C39D88900EE14F8 /* Build configuration list for PBXNativeTarget "GoPool" */ = {
			isa = XCConfigurationList;
			buildConfigurations = (
				11EAA22A1C39D88900EE14F8 /* Debug */,
				11EAA22B1C39D88900EE14F8 /* Release */,
			);
			defaultConfigurationIsVisible = 0;
			defaultConfigurationName = Release;
		};
/* End XCConfigurationList section */
	};
	rootObject = 11EAA20F1C39D88900EE14F8 /* Project object */;
}
